
Microsoft Visual Studio Solution File, Format Version 12.00
# Visual Studio Version 17
VisualStudioVersion = 17.0.31903.59
MinimumVisualStudioVersion = 10.0.40219.1
Project("{FAE04EC0-301F-11D3-BF4B-00C04F79EFBC}") = "ContreJour", "ContreJour\ContreJour.csproj", "{968090AF-BC99-4CCA-9476-C13ABA8D25E3}"
EndProject
Project("{FAE04EC0-301F-11D3-BF4B-00C04F79EFBC}") = "Mokus2D", "Mokus2D\Mokus2D.csproj", "{968090AF-BC99-4CCA-9476-C13ABA8D25E4}"
EndProject
Global
	GlobalSection(SolutionConfigurationPlatforms) = preSolution
		Debug|Any CPU = Debug|Any CPU
		Release|Any CPU = Release|Any CPU
	EndGlobalSection
	GlobalSection(ProjectConfigurationPlatforms) = postSolution
		{968090AF-BC99-4CCA-9476-C13ABA8D25E3}.Debug|Any CPU.ActiveCfg = Debug|Any CPU
		{968090AF-BC99-4CCA-9476-C13ABA8D25E3}.Debug|Any CPU.Build.0 = Debug|Any CPU
		{968090AF-BC99-4CCA-9476-C13ABA8D25E3}.Release|Any CPU.ActiveCfg = Release|Any CPU
		{968090AF-BC99-4CCA-9476-C13ABA8D25E3}.Release|Any CPU.Build.0 = Release|Any CPU
		{968090AF-BC99-4CCA-9476-C13ABA8D25E4}.Debug|Any CPU.ActiveCfg = Debug|Any CPU
		{968090AF-BC99-4CCA-9476-C13ABA8D25E4}.Debug|Any CPU.Build.0 = Debug|Any CPU
		{968090AF-BC99-4CCA-9476-C13ABA8D25E4}.Release|Any CPU.ActiveCfg = Release|Any CPU
		{968090AF-BC99-4CCA-9476-C13ABA8D25E4}.Release|Any CPU.Build.0 = Release|Any CPU
	EndGlobalSection
	GlobalSection(SolutionProperties) = preSolution
		HideSolutionNode = FALSE
	EndGlobalSection
EndGlobal
